
Microsoft Visual Studio Solution File, Format Version 12.00
# Visual Studio Version 16
VisualStudioVersion = 16.0.32126.315
MinimumVisualStudioVersion = 10.0.40219.1
Project("{9A19103F-16F7-4668-BE54-9A1E7A4F7556}") = "GamesStationChallenge", "GamesStationChallenge\GamesStationChallenge.csproj", "{DADABF55-5BFE-44CE-A7C4-71B6B95AF6F8}"
EndProject
Project("{2150E333-8FDC-42A3-9474-1A3956D46DE8}") = "Test", "Test", "{E4984BCA-A6A5-4BD4-AB3A-B0727138C102}"
EndProject
Project("{9A19103F-16F7-4668-BE54-9A1E7A4F7556}") = "Spv.GamesStation.Dominio.Interfaz", "Spv.GamesStation.Dominio.Interfaz\Spv.GamesStation.Dominio.Interfaz.csproj", "{3254DEFC-41B5-408E-8D53-41E6B4653B99}"
EndProject
Project("{9A19103F-16F7-4668-BE54-9A1E7A4F7556}") = "Spv.GamesStation.Repositorio", "Spv.GamesStation.Repositorio\Spv.GamesStation.Repositorio.csproj", "{6D277AF4-61CF-4F3A-8897-3767F5173A2A}"
EndProject
Project("{9A19103F-16F7-4668-BE54-9A1E7A4F7556}") = "Spv.GamesStation.Repositorio.Entidades", "Spv.GamesStation.Repositorio.Entidades\Spv.GamesStation.Repositorio.Entidades.csproj", "{EFE92380-8D5D-450D-B033-61475BB1C7D1}"
EndProject
Project("{9A19103F-16F7-4668-BE54-9A1E7A4F7556}") = "Spv.GamesStation.Repositorio.Interfaz", "Spv.GamesStation.Repositorio.Interfaz\Spv.GamesStation.Repositorio.Interfaz.csproj", "{1774ACC1-699A-4212-92B3-683DA9AC029B}"
EndProject
Project("{9A19103F-16F7-4668-BE54-9A1E7A4F7556}") = "Spv.GamesStation.Shared", "Spv.GamesStation.Shared\Spv.GamesStation.Shared.csproj", "{BF0CE17D-8A9B-4721-9AA8-6E17369DAC54}"
EndProject
Project("{9A19103F-16F7-4668-BE54-9A1E7A4F7556}") = "Spv.GamesStation.Servicio.Interfaz", "..\..\source\repos\GamesStation\Spv.GamesStation.Servicio.Interfaz\Spv.GamesStation.Servicio.Interfaz.csproj", "{7234676C-8D78-4F91-ABCE-D45B87798FF7}"
EndProject
Project("{9A19103F-16F7-4668-BE54-9A1E7A4F7556}") = "Spv.GamesStation.TestUnitario", "..\..\source\repos\GamesStation\Spv.GamesStation.TestUnitario\Spv.GamesStation.TestUnitario.csproj", "{FEEBFD98-AB3F-421D-B7B8-0DC7D4F790DA}"
EndProject
Project("{9A19103F-16F7-4668-BE54-9A1E7A4F7556}") = "Spv.GamesStation.Servicio", "..\..\source\repos\GamesStation\Spv.GamesStation.Servicio\Spv.GamesStation.Servicio.csproj", "{762478D4-DD9F-4804-8DFC-ED7918068DF2}"
EndProject
Project("{9A19103F-16F7-4668-BE54-9A1E7A4F7556}") = "Spv.GamesStation.Dominio", "..\..\source\repos\GamesStation\Spv.GamesStation.Dominio\Spv.GamesStation.Dominio.csproj", "{ADAF1D15-969A-4ABA-BA87-D89F230CD6D4}"
EndProject
Global
	GlobalSection(SolutionConfigurationPlatforms) = preSolution
		Debug|Any CPU = Debug|Any CPU
		Release|Any CPU = Release|Any CPU
	EndGlobalSection
	GlobalSection(ProjectConfigurationPlatforms) = postSolution
		{DADABF55-5BFE-44CE-A7C4-71B6B95AF6F8}.Debug|Any CPU.ActiveCfg = Debug|Any CPU
		{DADABF55-5BFE-44CE-A7C4-71B6B95AF6F8}.Debug|Any CPU.Build.0 = Debug|Any CPU
		{DADABF55-5BFE-44CE-A7C4-71B6B95AF6F8}.Release|Any CPU.ActiveCfg = Release|Any CPU
		{DADABF55-5BFE-44CE-A7C4-71B6B95AF6F8}.Release|Any CPU.Build.0 = Release|Any CPU
		{3254DEFC-41B5-408E-8D53-41E6B4653B99}.Debug|Any CPU.ActiveCfg = Debug|Any CPU
		{3254DEFC-41B5-408E-8D53-41E6B4653B99}.Debug|Any CPU.Build.0 = Debug|Any CPU
		{3254DEFC-41B5-408E-8D53-41E6B4653B99}.Release|Any CPU.ActiveCfg = Release|Any CPU
		{3254DEFC-41B5-408E-8D53-41E6B4653B99}.Release|Any CPU.Build.0 = Release|Any CPU
		{6D277AF4-61CF-4F3A-8897-3767F5173A2A}.Debug|Any CPU.ActiveCfg = Debug|Any CPU
		{6D277AF4-61CF-4F3A-8897-3767F5173A2A}.Debug|Any CPU.Build.0 = Debug|Any CPU
		{6D277AF4-61CF-4F3A-8897-3767F5173A2A}.Release|Any CPU.ActiveCfg = Release|Any CPU
		{6D277AF4-61CF-4F3A-8897-3767F5173A2A}.Release|Any CPU.Build.0 = Release|Any CPU
		{EFE92380-8D5D-450D-B033-61475BB1C7D1}.Debug|Any CPU.ActiveCfg = Debug|Any CPU
		{EFE92380-8D5D-450D-B033-61475BB1C7D1}.Debug|Any CPU.Build.0 = Debug|Any CPU
		{EFE92380-8D5D-450D-B033-61475BB1C7D1}.Release|Any CPU.ActiveCfg = Release|Any CPU
		{EFE92380-8D5D-450D-B033-61475BB1C7D1}.Release|Any CPU.Build.0 = Release|Any CPU
		{1774ACC1-699A-4212-92B3-683DA9AC029B}.Debug|Any CPU.ActiveCfg = Debug|Any CPU
		{1774ACC1-699A-4212-92B3-683DA9AC029B}.Debug|Any CPU.Build.0 = Debug|Any CPU
		{1774ACC1-699A-4212-92B3-683DA9AC029B}.Release|Any CPU.ActiveCfg = Release|Any CPU
		{1774ACC1-699A-4212-92B3-683DA9AC029B}.Release|Any CPU.Build.0 = Release|Any CPU
		{BF0CE17D-8A9B-4721-9AA8-6E17369DAC54}.Debug|Any CPU.ActiveCfg = Debug|Any CPU
		{BF0CE17D-8A9B-4721-9AA8-6E17369DAC54}.Debug|Any CPU.Build.0 = Debug|Any CPU
		{BF0CE17D-8A9B-4721-9AA8-6E17369DAC54}.Release|Any CPU.ActiveCfg = Release|Any CPU
		{BF0CE17D-8A9B-4721-9AA8-6E17369DAC54}.Release|Any CPU.Build.0 = Release|Any CPU
		{7234676C-8D78-4F91-ABCE-D45B87798FF7}.Debug|Any CPU.ActiveCfg = Debug|Any CPU
		{7234676C-8D78-4F91-ABCE-D45B87798FF7}.Debug|Any CPU.Build.0 = Debug|Any CPU
		{7234676C-8D78-4F91-ABCE-D45B87798FF7}.Release|Any CPU.ActiveCfg = Release|Any CPU
		{7234676C-8D78-4F91-ABCE-D45B87798FF7}.Release|Any CPU.Build.0 = Release|Any CPU
		{FEEBFD98-AB3F-421D-B7B8-0DC7D4F790DA}.Debug|Any CPU.ActiveCfg = Debug|Any CPU
		{FEEBFD98-AB3F-421D-B7B8-0DC7D4F790DA}.Debug|Any CPU.Build.0 = Debug|Any CPU
		{FEEBFD98-AB3F-421D-B7B8-0DC7D4F790DA}.Release|Any CPU.ActiveCfg = Release|Any CPU
		{FEEBFD98-AB3F-421D-B7B8-0DC7D4F790DA}.Release|Any CPU.Build.0 = Release|Any CPU
		{762478D4-DD9F-4804-8DFC-ED7918068DF2}.Debug|Any CPU.ActiveCfg = Debug|Any CPU
		{762478D4-DD9F-4804-8DFC-ED7918068DF2}.Debug|Any CPU.Build.0 = Debug|Any CPU
		{762478D4-DD9F-4804-8DFC-ED7918068DF2}.Release|Any CPU.ActiveCfg = Release|Any CPU
		{762478D4-DD9F-4804-8DFC-ED7918068DF2}.Release|Any CPU.Build.0 = Release|Any CPU
		{ADAF1D15-969A-4ABA-BA87-D89F230CD6D4}.Debug|Any CPU.ActiveCfg = Debug|Any CPU
		{ADAF1D15-969A-4ABA-BA87-D89F230CD6D4}.Debug|Any CPU.Build.0 = Debug|Any CPU
		{ADAF1D15-969A-4ABA-BA87-D89F230CD6D4}.Release|Any CPU.ActiveCfg = Release|Any CPU
		{ADAF1D15-969A-4ABA-BA87-D89F230CD6D4}.Release|Any CPU.Build.0 = Release|Any CPU
	EndGlobalSection
	GlobalSection(SolutionProperties) = preSolution
		HideSolutionNode = FALSE
	EndGlobalSection
	GlobalSection(NestedProjects) = preSolution
		{FEEBFD98-AB3F-421D-B7B8-0DC7D4F790DA} = {E4984BCA-A6A5-4BD4-AB3A-B0727138C102}
	EndGlobalSection
	GlobalSection(ExtensibilityGlobals) = postSolution
		SolutionGuid = {06B6FA7C-8313-4F39-8BD7-3C7B638F8AD8}
	EndGlobalSection
EndGlobal
